
Microsoft Visual Studio Solution File, Format Version 12.00
# Visual Studio Version 16
VisualStudioVersion = 16.0.31729.503
MinimumVisualStudioVersion = 10.0.40219.1
Project("{FAE04EC0-301F-11D3-BF4B-00C04F79EFBC}") = "ConfigurationManager", "ConfigurationManager\ConfigurationManager.csproj", "{5B5975E3-FA56-4D20-B810-659DDFB19403}"
EndProject
Project("{FAE04EC0-301F-11D3-BF4B-00C04F79EFBC}") = "DSURandomGenerator", "DSURandomGenerator\DSURandomGenerator.csproj", "{F50A05CD-295F-4E91-8AFA-D1D3C1502DA7}"
EndProject
Project("{FAE04EC0-301F-11D3-BF4B-00C04F79EFBC}") = "DSUTimeGenerator", "DSUTimeGenerator\DSUTimeGenerator.csproj", "{C53349A2-669B-4F9A-91D9-5E2D9DD1170C}"
EndProject
Project("{FAE04EC0-301F-11D3-BF4B-00C04F79EFBC}") = "DPUAddNumbers", "DPUAddNumbers\DPUAddNumbers.csproj", "{227DEFAE-AC62-4DC4-B7C1-921A456FBD14}"
EndProject
Project("{FAE04EC0-301F-11D3-BF4B-00C04F79EFBC}") = "DPUMultiplyNumbers", "DPUMultiplyNumbers\DPUMultiplyNumbers.csproj", "{1EF48AB4-08CB-4A70-9798-9FA6A1CE261D}"
EndProject
Project("{FAE04EC0-301F-11D3-BF4B-00C04F79EFBC}") = "DVUSumOfDigits", "DVUSumOfDigits\DVUSumOfDigits.csproj", "{BE8925C1-1008-4456-88B5-65CC37B728DD}"
EndProject
Project("{FAE04EC0-301F-11D3-BF4B-00C04F79EFBC}") = "DVUShowNumber", "DVUShowNumber\DVUShowNumber.csproj", "{9B5EB779-386E-46FD-9640-8F75DB1EF5A1}"
EndProject
Project("{FAE04EC0-301F-11D3-BF4B-00C04F79EFBC}") = "DUEvents", "DUEvents\DUEvents.csproj", "{B3545BE2-C1D2-413A-AA26-2789FF155FA7}"
EndProject
Project("{2150E333-8FDC-42A3-9474-1A3956D46DE8}") = "DSU", "DSU", "{3B98D1AD-3867-4065-9ED2-5C7A81C47061}"
EndProject
Project("{2150E333-8FDC-42A3-9474-1A3956D46DE8}") = "DPU", "DPU", "{35D0F6F6-C985-47E6-BE42-BE33FCD79FE9}"
EndProject
Project("{2150E333-8FDC-42A3-9474-1A3956D46DE8}") = "DVU", "DVU", "{8435D71B-F286-4AE9-8771-4EBCA04FD4CD}"
EndProject
Project("{FAE04EC0-301F-11D3-BF4B-00C04F79EFBC}") = "DUAttributes", "DUAttributes\DUAttributes.csproj", "{B1E2ADB3-3733-46DF-A663-B710D9077718}"
EndProject
Project("{2150E333-8FDC-42A3-9474-1A3956D46DE8}") = "Solution Items", "Solution Items", "{4219C371-E8C5-4150-B7A2-8E12417ED3FD}"
	ProjectSection(SolutionItems) = preProject
		README.md = README.md
	EndProjectSection
EndProject
Global
	GlobalSection(SolutionConfigurationPlatforms) = preSolution
		Debug|Any CPU = Debug|Any CPU
		Release|Any CPU = Release|Any CPU
	EndGlobalSection
	GlobalSection(ProjectConfigurationPlatforms) = postSolution
		{5B5975E3-FA56-4D20-B810-659DDFB19403}.Debug|Any CPU.ActiveCfg = Debug|Any CPU
		{5B5975E3-FA56-4D20-B810-659DDFB19403}.Debug|Any CPU.Build.0 = Debug|Any CPU
		{5B5975E3-FA56-4D20-B810-659DDFB19403}.Release|Any CPU.ActiveCfg = Release|Any CPU
		{5B5975E3-FA56-4D20-B810-659DDFB19403}.Release|Any CPU.Build.0 = Release|Any CPU
		{F50A05CD-295F-4E91-8AFA-D1D3C1502DA7}.Debug|Any CPU.ActiveCfg = Debug|Any CPU
		{F50A05CD-295F-4E91-8AFA-D1D3C1502DA7}.Debug|Any CPU.Build.0 = Debug|Any CPU
		{F50A05CD-295F-4E91-8AFA-D1D3C1502DA7}.Release|Any CPU.ActiveCfg = Release|Any CPU
		{F50A05CD-295F-4E91-8AFA-D1D3C1502DA7}.Release|Any CPU.Build.0 = Release|Any CPU
		{C53349A2-669B-4F9A-91D9-5E2D9DD1170C}.Debug|Any CPU.ActiveCfg = Debug|Any CPU
		{C53349A2-669B-4F9A-91D9-5E2D9DD1170C}.Debug|Any CPU.Build.0 = Debug|Any CPU
		{C53349A2-669B-4F9A-91D9-5E2D9DD1170C}.Release|Any CPU.ActiveCfg = Release|Any CPU
		{C53349A2-669B-4F9A-91D9-5E2D9DD1170C}.Release|Any CPU.Build.0 = Release|Any CPU
		{227DEFAE-AC62-4DC4-B7C1-921A456FBD14}.Debug|Any CPU.ActiveCfg = Debug|Any CPU
		{227DEFAE-AC62-4DC4-B7C1-921A456FBD14}.Debug|Any CPU.Build.0 = Debug|Any CPU
		{227DEFAE-AC62-4DC4-B7C1-921A456FBD14}.Release|Any CPU.ActiveCfg = Release|Any CPU
		{227DEFAE-AC62-4DC4-B7C1-921A456FBD14}.Release|Any CPU.Build.0 = Release|Any CPU
		{1EF48AB4-08CB-4A70-9798-9FA6A1CE261D}.Debug|Any CPU.ActiveCfg = Debug|Any CPU
		{1EF48AB4-08CB-4A70-9798-9FA6A1CE261D}.Debug|Any CPU.Build.0 = Debug|Any CPU
		{1EF48AB4-08CB-4A70-9798-9FA6A1CE261D}.Release|Any CPU.ActiveCfg = Release|Any CPU
		{1EF48AB4-08CB-4A70-9798-9FA6A1CE261D}.Release|Any CPU.Build.0 = Release|Any CPU
		{BE8925C1-1008-4456-88B5-65CC37B728DD}.Debug|Any CPU.ActiveCfg = Debug|Any CPU
		{BE8925C1-1008-4456-88B5-65CC37B728DD}.Debug|Any CPU.Build.0 = Debug|Any CPU
		{BE8925C1-1008-4456-88B5-65CC37B728DD}.Release|Any CPU.ActiveCfg = Release|Any CPU
		{BE8925C1-1008-4456-88B5-65CC37B728DD}.Release|Any CPU.Build.0 = Release|Any CPU
		{9B5EB779-386E-46FD-9640-8F75DB1EF5A1}.Debug|Any CPU.ActiveCfg = Debug|Any CPU
		{9B5EB779-386E-46FD-9640-8F75DB1EF5A1}.Debug|Any CPU.Build.0 = Debug|Any CPU
		{9B5EB779-386E-46FD-9640-8F75DB1EF5A1}.Release|Any CPU.ActiveCfg = Release|Any CPU
		{9B5EB779-386E-46FD-9640-8F75DB1EF5A1}.Release|Any CPU.Build.0 = Release|Any CPU
		{B3545BE2-C1D2-413A-AA26-2789FF155FA7}.Debug|Any CPU.ActiveCfg = Debug|Any CPU
		{B3545BE2-C1D2-413A-AA26-2789FF155FA7}.Debug|Any CPU.Build.0 = Debug|Any CPU
		{B3545BE2-C1D2-413A-AA26-2789FF155FA7}.Release|Any CPU.ActiveCfg = Release|Any CPU
		{B3545BE2-C1D2-413A-AA26-2789FF155FA7}.Release|Any CPU.Build.0 = Release|Any CPU
		{B1E2ADB3-3733-46DF-A663-B710D9077718}.Debug|Any CPU.ActiveCfg = Debug|Any CPU
		{B1E2ADB3-3733-46DF-A663-B710D9077718}.Debug|Any CPU.Build.0 = Debug|Any CPU
		{B1E2ADB3-3733-46DF-A663-B710D9077718}.Release|Any CPU.ActiveCfg = Release|Any CPU
		{B1E2ADB3-3733-46DF-A663-B710D9077718}.Release|Any CPU.Build.0 = Release|Any CPU
	EndGlobalSection
	GlobalSection(SolutionProperties) = preSolution
		HideSolutionNode = FALSE
	EndGlobalSection
	GlobalSection(NestedProjects) = preSolution
		{F50A05CD-295F-4E91-8AFA-D1D3C1502DA7} = {3B98D1AD-3867-4065-9ED2-5C7A81C47061}
		{C53349A2-669B-4F9A-91D9-5E2D9DD1170C} = {3B98D1AD-3867-4065-9ED2-5C7A81C47061}
		{227DEFAE-AC62-4DC4-B7C1-921A456FBD14} = {35D0F6F6-C985-47E6-BE42-BE33FCD79FE9}
		{1EF48AB4-08CB-4A70-9798-9FA6A1CE261D} = {35D0F6F6-C985-47E6-BE42-BE33FCD79FE9}
		{BE8925C1-1008-4456-88B5-65CC37B728DD} = {8435D71B-F286-4AE9-8771-4EBCA04FD4CD}
		{9B5EB779-386E-46FD-9640-8F75DB1EF5A1} = {8435D71B-F286-4AE9-8771-4EBCA04FD4CD}
	EndGlobalSection
	GlobalSection(ExtensibilityGlobals) = postSolution
		SolutionGuid = {0C3E2B21-EF58-4676-BF84-7617871D34F1}
	EndGlobalSection
EndGlobal
